<?xml version="1.0" encoding="utf-8"?>
<Project ToolsVersion="16.0" xmlns="http://schemas.microsoft.com/developer/msbuild/2003">
  <ItemGroup>
    <CustomBuild Include="C:\Users\Hidalgo\Desktop\SFML-Build\CMakeFiles\5c55ef8c839fa043dba9c9f39ac2a312\INSTALL_force.rule">
      <Filter>CMake Rules</Filter>
    </CustomBuild>
  </ItemGroup>
  <ItemGroup>
    <Filter Include="CMake Rules">
      <UniqueIdentifier>{66915BB6-AEAF-33C1-BA1D-EF275A0473A4}</UniqueIdentifier>
    </Filter>
  </ItemGroup>
</Project>
